
Microsoft Visual Studio Solution File, Format Version 12.00
# Visual Studio Version 16
VisualStudioVersion = 16.0.30104.148
MinimumVisualStudioVersion = 10.0.40219.1
Project("{9092AA53-FB77-4645-B42D-1CCCA6BD08BD}") = "core node modules", "core node modules.njsproj", "{7F498ECD-A59D-4124-AB6C-1CCD2F67B6F1}"
EndProject
Global
	GlobalSection(SolutionConfigurationPlatforms) = preSolution
		Debug|Any CPU = Debug|Any CPU
		Release|Any CPU = Release|Any CPU
	EndGlobalSection
	GlobalSection(ProjectConfigurationPlatforms) = postSolution
		{7F498ECD-A59D-4124-AB6C-1CCD2F67B6F1}.Debug|Any CPU.ActiveCfg = Debug|Any CPU
		{7F498ECD-A59D-4124-AB6C-1CCD2F67B6F1}.Debug|Any CPU.Build.0 = Debug|Any CPU
		{7F498ECD-A59D-4124-AB6C-1CCD2F67B6F1}.Release|Any CPU.ActiveCfg = Release|Any CPU
		{7F498ECD-A59D-4124-AB6C-1CCD2F67B6F1}.Release|Any CPU.Build.0 = Release|Any CPU
	EndGlobalSection
	GlobalSection(SolutionProperties) = preSolution
		HideSolutionNode = FALSE
	EndGlobalSection
	GlobalSection(ExtensibilityGlobals) = postSolution
		SolutionGuid = {1CF6583C-045B-4E41-9B2A-D767207AE54B}
	EndGlobalSection
EndGlobal
